Microsoft Visual Studio Solution File, Format Version 11.00
# Visual Studio 2008

Project("{B5695087-BDC7-A290-EC1D-5A3042D8FE02}") = "SmartHealth", "Assembly-CSharp.csproj", "{C35B6CA3-AB6E-B77E-93CE-934E77C5BBF9}"
EndProject
Project("{B5695087-BDC7-A290-EC1D-5A3042D8FE02}") = "SmartHealth", "Assembly-CSharp-Editor.csproj", "{5A8B085D-1A16-5AAF-70AA-ABF77BE220C9}"
EndProject
Global
	GlobalSection(SolutionConfigurationPlatforms) = preSolution
		Debug|Any CPU = Debug|Any CPU
		Release|Any CPU = Release|Any CPU
	EndGlobalSection
	GlobalSection(ProjectConfigurationPlatforms) = postSolution
		{C35B6CA3-AB6E-B77E-93CE-934E77C5BBF9}.Debug|Any CPU.ActiveCfg = Debug|Any CPU
		{C35B6CA3-AB6E-B77E-93CE-934E77C5BBF9}.Debug|Any CPU.Build.0 = Debug|Any CPU
		{C35B6CA3-AB6E-B77E-93CE-934E77C5BBF9}.Release|Any CPU.ActiveCfg = Release|Any CPU
		{C35B6CA3-AB6E-B77E-93CE-934E77C5BBF9}.Release|Any CPU.Build.0 = Release|Any CPU
		{5A8B085D-1A16-5AAF-70AA-ABF77BE220C9}.Debug|Any CPU.ActiveCfg = Debug|Any CPU
		{5A8B085D-1A16-5AAF-70AA-ABF77BE220C9}.Debug|Any CPU.Build.0 = Debug|Any CPU
		{5A8B085D-1A16-5AAF-70AA-ABF77BE220C9}.Release|Any CPU.ActiveCfg = Release|Any CPU
		{5A8B085D-1A16-5AAF-70AA-ABF77BE220C9}.Release|Any CPU.Build.0 = Release|Any CPU
	EndGlobalSection
	GlobalSection(SolutionProperties) = preSolution
		HideSolutionNode = FALSE
	EndGlobalSection
	GlobalSection(MonoDevelopProperties) = preSolution
		StartupItem = Assembly-CSharp.csproj
	EndGlobalSection
EndGlobal
